
Microsoft Visual Studio Solution File, Format Version 12.00
# Visual Studio Version 17
VisualStudioVersion = 17.9.34728.123
MinimumVisualStudioVersion = 10.0.40219.1
Project("{FAE04EC0-301F-11D3-BF4B-00C04F79EFBC}") = "Lab4", "Lab4\Lab4.csproj", "{1BE76E16-59F8-4668-8217-AFA36B3EBAB6}"
EndProject
Global
	GlobalSection(SolutionConfigurationPlatforms) = preSolution
		Debug|Any CPU = Debug|Any CPU
		Release|Any CPU = Release|Any CPU
	EndGlobalSection
	GlobalSection(ProjectConfigurationPlatforms) = postSolution
		{1BE76E16-59F8-4668-8217-AFA36B3EBAB6}.Debug|Any CPU.ActiveCfg = Debug|Any CPU
		{1BE76E16-59F8-4668-8217-AFA36B3EBAB6}.Debug|Any CPU.Build.0 = Debug|Any CPU
		{1BE76E16-59F8-4668-8217-AFA36B3EBAB6}.Release|Any CPU.ActiveCfg = Release|Any CPU
		{1BE76E16-59F8-4668-8217-AFA36B3EBAB6}.Release|Any CPU.Build.0 = Release|Any CPU
	EndGlobalSection
	GlobalSection(SolutionProperties) = preSolution
		HideSolutionNode = FALSE
	EndGlobalSection
	GlobalSection(ExtensibilityGlobals) = postSolution
		SolutionGuid = {73E7CEEC-68CA-496F-ACF5-CB4C052EADF0}
	EndGlobalSection
EndGlobal
